// !$*UTF8*$!
{
	archiveVersion = 1;
	classes = {
	};
	objectVersion = 46;
	objects = {

/* Begin PBXBuildFile section */
		185CC9401CA9108800950E8B /* AppDelegate.swift in Sources */ = {isa = PBXBuildFile; fileRef = 185CC93F1CA9108800950E8B /* AppDelegate.swift */; };
		185CC9451CA9108800950E8B /* Main.storyboard in Resources */ = {isa = PBXBuildFile; fileRef = 185CC9431CA9108800950E8B /* Main.storyboard */; };
		185CC9471CA9108800950E8B /* Assets.xcassets in Resources */ = {isa = PBXBuildFile; fileRef = 185CC9461CA9108800950E8B /* Assets.xcassets */; };
		185CC94A1CA9108800950E8B /* LaunchScreen.storyboard in Resources */ = {isa = PBXBuildFile; fileRef = 185CC9481CA9108800950E8B /* LaunchScreen.storyboard */; };
		185CC9551CA9108800950E8B /* Swift_iOSTests.swift in Sources */ = {isa = PBXBuildFile; fileRef = 185CC9541CA9108800950E8B /* Swift_iOSTests.swift */; };
		185CC9601CA9108800950E8B /* Swift_iOSUITests.swift in Sources */ = {isa = PBXBuildFile; fileRef = 185CC95F1CA9108800950E8B /* Swift_iOSUITests.swift */; };
		18B31C4F1CACB09C00F1D927 /* MessageItem.swift in Sources */ = {isa = PBXBuildFile; fileRef = 18B31C4E1CACB09C00F1D927 /* MessageItem.swift */; };
		18B31C551CACB10E00F1D927 /* CustomTableViewController.swift in Sources */ = {isa = PBXBuildFile; fileRef = 18B31C541CACB10E00F1D927 /* CustomTableViewController.swift */; };
		18B31C5D1CACC3A900F1D927 /* CustomTableViewCell.swift in Sources */ = {isa = PBXBuildFile; fileRef = 18B31C5C1CACC3A900F1D927 /* CustomTableViewCell.swift */; };
		18B31C861CAD173600F1D927 /* UseObject.m in Sources */ = {isa = PBXBuildFile; fileRef = 18B31C851CAD173600F1D927 /* UseObject.m */; };
		18D958FD1CAA5F7F005CFAC3 /* UIKit.framework in Frameworks */ = {isa = PBXBuildFile; fileRef = 18D958FC1CAA5F7F005CFAC3 /* UIKit.framework */; };
		18D958FF1CAA5F85005CFAC3 /* Foundation.framework in Frameworks */ = {isa = PBXBuildFile; fileRef = 18D958FE1CAA5F85005CFAC3 /* Foundation.framework */; };
		D108B24E1E6962EE00A806E7 /* AlertVCViewController.swift in Sources */ = {isa = PBXBuildFile; fileRef = D108B2401E6962EE00A806E7 /* AlertVCViewController.swift */; };
		D108B24F1E6962EE00A806E7 /* CollectionViewViewController.swift in Sources */ = {isa = PBXBuildFile; fileRef = D108B2411E6962EE00A806E7 /* CollectionViewViewController.swift */; };
		D108B2501E6962EE00A806E7 /* DatePickerViewController.swift in Sources */ = {isa = PBXBuildFile; fileRef = D108B2421E6962EE00A806E7 /* DatePickerViewController.swift */; };
		D108B2511E6962EE00A806E7 /* EditTableViewViewController.swift in Sources */ = {isa = PBXBuildFile; fileRef = D108B2431E6962EE00A806E7 /* EditTableViewViewController.swift */; };
		D108B2521E6962EE00A806E7 /* GestureRecognizerViewController.swift in Sources */ = {isa = PBXBuildFile; fileRef = D108B2441E6962EE00A806E7 /* GestureRecognizerViewController.swift */; };
		D108B2531E6962EE00A806E7 /* HomeViewController.swift in Sources */ = {isa = PBXBuildFile; fileRef = D108B2451E6962EE00A806E7 /* HomeViewController.swift */; };
		D108B2541E6962EE00A806E7 /* MyScrollViewController.swift in Sources */ = {isa = PBXBuildFile; fileRef = D108B2461E6962EE00A806E7 /* MyScrollViewController.swift */; };
		D108B2551E6962EE00A806E7 /* PickerViewViewController.swift in Sources */ = {isa = PBXBuildFile; fileRef = D108B2471E6962EE00A806E7 /* PickerViewViewController.swift */; };
		D108B2561E6962EE00A806E7 /* ScrollViewViewController.swift in Sources */ = {isa = PBXBuildFile; fileRef = D108B2481E6962EE00A806E7 /* ScrollViewViewController.swift */; };
		D108B2571E6962EE00A806E7 /* SearchBarViewController.swift in Sources */ = {isa = PBXBuildFile; fileRef = D108B2491E6962EE00A806E7 /* SearchBarViewController.swift */; };
		D108B2581E6962EE00A806E7 /* StepperViewController.swift in Sources */ = {isa = PBXBuildFile; fileRef = D108B24A1E6962EE00A806E7 /* StepperViewController.swift */; };
		D108B2591E6962EE00A806E7 /* TableViewViewController.swift in Sources */ = {isa = PBXBuildFile; fileRef = D108B24B1E6962EE00A806E7 /* TableViewViewController.swift */; };
		D108B25A1E6962EE00A806E7 /* ViewController.swift in Sources */ = {isa = PBXBuildFile; fileRef = D108B24C1E6962EE00A806E7 /* ViewController.swift */; };
		D108B25B1E6962EE00A806E7 /* WebViewViewController.swift in Sources */ = {isa = PBXBuildFile; fileRef = D108B24D1E6962EE00A806E7 /* WebViewViewController.swift */; };
		D108B2601E69632400A806E7 /* Animal.swift in Sources */ = {isa = PBXBuildFile; fileRef = D108B25D1E69632400A806E7 /* Animal.swift */; };
		D108B2611E69632400A806E7 /* Person.swift in Sources */ = {isa = PBXBuildFile; fileRef = D108B25E1E69632400A806E7 /* Person.swift */; };
		D108B2621E69632400A806E7 /* SceondViewController.swift in Sources */ = {isa = PBXBuildFile; fileRef = D108B25F1E69632400A806E7 /* SceondViewController.swift */; };
		D108B26D1E69634D00A806E7 /* 1.jpg in Resources */ = {isa = PBXBuildFile; fileRef = D108B2651E69634D00A806E7 /* 1.jpg */; };
		D108B26E1E69634D00A806E7 /* 2.jpg in Resources */ = {isa = PBXBuildFile; fileRef = D108B2661E69634D00A806E7 /* 2.jpg */; };
		D108B26F1E69634D00A806E7 /* 3.jpg in Resources */ = {isa = PBXBuildFile; fileRef = D108B2671E69634D00A806E7 /* 3.jpg */; };
		D108B2701E69634D00A806E7 /* 4.jpg in Resources */ = {isa = PBXBuildFile; fileRef = D108B2681E69634D00A806E7 /* 4.jpg */; };
		D108B2711E69634D00A806E7 /* base_normal@2x.png in Resources */ = {isa = PBXBuildFile; fileRef = D108B2691E69634D00A806E7 /* base_normal@2x.png */; };
		D108B2721E69634D00A806E7 /* base_selected@2x.png in Resources */ = {isa = PBXBuildFile; fileRef = D108B26A1E69634D00A806E7 /* base_selected@2x.png */; };
		D108B2731E69634D00A806E7 /* ui_normal@2x.png in Resources */ = {isa = PBXBuildFile; fileRef = D108B26B1E69634D00A806E7 /* ui_normal@2x.png */; };
		D108B2741E69634D00A806E7 /* ui_selected@2x.png in Resources */ = {isa = PBXBuildFile; fileRef = D108B26C1E69634D00A806E7 /* ui_selected@2x.png */; };
/* End PBXBuildFile section */

/* Begin PBXContainerItemProxy section */
		185CC9511CA9108800950E8B /* PBXContainerItemProxy */ = {
			isa = PBXContainerItemProxy;
			containerPortal = 185CC9341CA9108800950E8B /* Project object */;
			proxyType = 1;
			remoteGlobalIDString = 185CC93B1CA9108800950E8B;
			remoteInfo = Swift_iOS;
		};
		185CC95C1CA9108800950E8B /* PBXContainerItemProxy */ = {
			isa = PBXContainerItemProxy;
			containerPortal = 185CC9341CA9108800950E8B /* Project object */;
			proxyType = 1;
			remoteGlobalIDString = 185CC93B1CA9108800950E8B;
			remoteInfo = Swift_iOS;
		};
/* End PBXContainerItemProxy section */

/* Begin PBXFileReference section */
		185CC93C1CA9108800950E8B /* Swift_iOS.app */ = {isa = PBXFileReference; explicitFileType = wrapper.application; includeInIndex = 0; path = Swift_iOS.app; sourceTree = BUILT_PRODUCTS_DIR; };
		185CC93F1CA9108800950E8B /* AppDelegate.swift */ = {isa = PBXFileReference; lastKnownFileType = sourcecode.swift; path = AppDelegate.swift; sourceTree = "<group>"; };
		185CC9441CA9108800950E8B /* Base */ = {isa = PBXFileReference; lastKnownFileType = file.storyboard; name = Base; path = Base.lproj/Main.storyboard; sourceTree = "<group>"; };
		185CC9461CA9108800950E8B /* Assets.xcassets */ = {isa = PBXFileReference; lastKnownFileType = folder.assetcatalog; path = Assets.xcassets; sourceTree = "<group>"; };
		185CC9491CA9108800950E8B /* Base */ = {isa = PBXFileReference; lastKnownFileType = file.storyboard; name = Base; path = Base.lproj/LaunchScreen.storyboard; sourceTree = "<group>"; };
		185CC94B1CA9108800950E8B /* Info.plist */ = {isa = PBXFileReference; lastKnownFileType = text.plist.xml; path = Info.plist; sourceTree = "<group>"; };
		185CC9501CA9108800950E8B /* Swift_iOSTests.xctest */ = {isa = PBXFileReference; explicitFileType = wrapper.cfbundle; includeInIndex = 0; path = Swift_iOSTests.xctest; sourceTree = BUILT_PRODUCTS_DIR; };
		185CC9541CA9108800950E8B /* Swift_iOSTests.swift */ = {isa = PBXFileReference; lastKnownFileType = sourcecode.swift; path = Swift_iOSTests.swift; sourceTree = "<group>"; };
		185CC9561CA9108800950E8B /* Info.plist */ = {isa = PBXFileReference; lastKnownFileType = text.plist.xml; path = Info.plist; sourceTree = "<group>"; };
		185CC95B1CA9108800950E8B /* Swift_iOSUITests.xctest */ = {isa = PBXFileReference; explicitFileType = wrapper.cfbundle; includeInIndex = 0; path = Swift_iOSUITests.xctest; sourceTree = BUILT_PRODUCTS_DIR; };
		185CC95F1CA9108800950E8B /* Swift_iOSUITests.swift */ = {isa = PBXFileReference; lastKnownFileType = sourcecode.swift; path = Swift_iOSUITests.swift; sourceTree = "<group>"; };
		185CC9611CA9108800950E8B /* Info.plist */ = {isa = PBXFileReference; lastKnownFileType = text.plist.xml; path = Info.plist; sourceTree = "<group>"; };
		18B31C4E1CACB09C00F1D927 /* MessageItem.swift */ = {isa = PBXFileReference; fileEncoding = 4; lastKnownFileType = sourcecode.swift; path = MessageItem.swift; sourceTree = "<group>"; };
		18B31C541CACB10E00F1D927 /* CustomTableViewController.swift */ = {isa = PBXFileReference; fileEncoding = 4; lastKnownFileType = sourcecode.swift; path = CustomTableViewController.swift; sourceTree = "<group>"; };
		18B31C5C1CACC3A900F1D927 /* CustomTableViewCell.swift */ = {isa = PBXFileReference; fileEncoding = 4; lastKnownFileType = sourcecode.swift; path = CustomTableViewCell.swift; sourceTree = "<group>"; };
		18B31C831CAD173500F1D927 /* Swift_iOS-Bridging-Header.h */ = {isa = PBXFileReference; lastKnownFileType = sourcecode.c.h; path = "Swift_iOS-Bridging-Header.h"; sourceTree = "<group>"; };
		18B31C841CAD173600F1D927 /* UseObject.h */ = {isa = PBXFileReference; fileEncoding = 4; lastKnownFileType = sourcecode.c.h; path = UseObject.h; sourceTree = "<group>"; };
		18B31C851CAD173600F1D927 /* UseObject.m */ = {isa = PBXFileReference; fileEncoding = 4; lastKnownFileType = sourcecode.c.objc; path = UseObject.m; sourceTree = "<group>"; };
		18D958FC1CAA5F7F005CFAC3 /* UIKit.framework */ = {isa = PBXFileReference; lastKnownFileType = wrapper.framework; name = UIKit.framework; path = System/Library/Frameworks/UIKit.framework; sourceTree = SDKROOT; };
		18D958FE1CAA5F85005CFAC3 /* Foundation.framework */ = {isa = PBXFileReference; lastKnownFileType = wrapper.framework; name = Foundation.framework; path = System/Library/Frameworks/Foundation.framework; sourceTree = SDKROOT; };
		D108B2401E6962EE00A806E7 /* AlertVCViewController.swift */ = {isa = PBXFileReference; fileEncoding = 4; lastKnownFileType = sourcecode.swift; path = AlertVCViewController.swift; sourceTree = "<group>"; };
		D108B2411E6962EE00A806E7 /* CollectionViewViewController.swift */ = {isa = PBXFileReference; fileEncoding = 4; lastKnownFileType = sourcecode.swift; path = CollectionViewViewController.swift; sourceTree = "<group>"; };
		D108B2421E6962EE00A806E7 /* DatePickerViewController.swift */ = {isa = PBXFileReference; fileEncoding = 4; lastKnownFileType = sourcecode.swift; path = DatePickerViewController.swift; sourceTree = "<group>"; };
		D108B2431E6962EE00A806E7 /* EditTableViewViewController.swift */ = {isa = PBXFileReference; fileEncoding = 4; lastKnownFileType = sourcecode.swift; path = EditTableViewViewController.swift; sourceTree = "<group>"; };
		D108B2441E6962EE00A806E7 /* GestureRecognizerViewController.swift */ = {isa = PBXFileReference; fileEncoding = 4; lastKnownFileType = sourcecode.swift; path = GestureRecognizerViewController.swift; sourceTree = "<group>"; };
		D108B2451E6962EE00A806E7 /* HomeViewController.swift */ = {isa = PBXFileReference; fileEncoding = 4; lastKnownFileType = sourcecode.swift; path = HomeViewController.swift; sourceTree = "<group>"; };
		D108B2461E6962EE00A806E7 /* MyScrollViewController.swift */ = {isa = PBXFileReference; fileEncoding = 4; lastKnownFileType = sourcecode.swift; path = MyScrollViewController.swift; sourceTree = "<group>"; };
		D108B2471E6962EE00A806E7 /* PickerViewViewController.swift */ = {isa = PBXFileReference; fileEncoding = 4; lastKnownFileType = sourcecode.swift; path = PickerViewViewController.swift; sourceTree = "<group>"; };
		D108B2481E6962EE00A806E7 /* ScrollViewViewController.swift */ = {isa = PBXFileReference; fileEncoding = 4; lastKnownFileType = sourcecode.swift; path = ScrollViewViewController.swift; sourceTree = "<group>"; };
		D108B2491E6962EE00A806E7 /* SearchBarViewController.swift */ = {isa = PBXFileReference; fileEncoding = 4; lastKnownFileType = sourcecode.swift; path = SearchBarViewController.swift; sourceTree = "<group>"; };
		D108B24A1E6962EE00A806E7 /* StepperViewController.swift */ = {isa = PBXFileReference; fileEncoding = 4; lastKnownFileType = sourcecode.swift; path = StepperViewController.swift; sourceTree = "<group>"; };
		D108B24B1E6962EE00A806E7 /* TableViewViewController.swift */ = {isa = PBXFileReference; fileEncoding = 4; lastKnownFileType = sourcecode.swift; path = TableViewViewController.swift; sourceTree = "<group>"; };
		D108B24C1E6962EE00A806E7 /* ViewController.swift */ = {isa = PBXFileReference; fileEncoding = 4; lastKnownFileType = sourcecode.swift; path = ViewController.swift; sourceTree = "<group>"; };
		D108B24D1E6962EE00A806E7 /* WebViewViewController.swift */ = {isa = PBXFileReference; fileEncoding = 4; lastKnownFileType = sourcecode.swift; path = WebViewViewController.swift; sourceTree = "<group>"; };
		D108B25D1E69632400A806E7 /* Animal.swift */ = {isa = PBXFileReference; fileEncoding = 4; lastKnownFileType = sourcecode.swift; path = Animal.swift; sourceTree = "<group>"; };
		D108B25E1E69632400A806E7 /* Person.swift */ = {isa = PBXFileReference; fileEncoding = 4; lastKnownFileType = sourcecode.swift; path = Person.swift; sourceTree = "<group>"; };
		D108B25F1E69632400A806E7 /* SceondViewController.swift */ = {isa = PBXFileReference; fileEncoding = 4; lastKnownFileType = sourcecode.swift; path = SceondViewController.swift; sourceTree = "<group>"; };
		D108B2651E69634D00A806E7 /* 1.jpg */ = {isa = PBXFileReference; lastKnownFileType = image.jpeg; path = 1.jpg; sourceTree = "<group>"; };
		D108B2661E69634D00A806E7 /* 2.jpg */ = {isa = PBXFileReference; lastKnownFileType = image.jpeg; path = 2.jpg; sourceTree = "<group>"; };
		D108B2671E69634D00A806E7 /* 3.jpg */ = {isa = PBXFileReference; lastKnownFileType = image.jpeg; path = 3.jpg; sourceTree = "<group>"; };
		D108B2681E69634D00A806E7 /* 4.jpg */ = {isa = PBXFileReference; lastKnownFileType = image.jpeg; path = 4.jpg; sourceTree = "<group>"; };
		D108B2691E69634D00A806E7 /* base_normal@2x.png */ = {isa = PBXFileReference; lastKnownFileType = image.png; path = "base_normal@2x.png"; sourceTree = "<group>"; };
		D108B26A1E69634D00A806E7 /* base_selected@2x.png */ = {isa = PBXFileReference; lastKnownFileType = image.png; path = "base_selected@2x.png"; sourceTree = "<group>"; };
		D108B26B1E69634D00A806E7 /* ui_normal@2x.png */ = {isa = PBXFileReference; lastKnownFileType = image.png; path = "ui_normal@2x.png"; sourceTree = "<group>"; };
		D108B26C1E69634D00A806E7 /* ui_selected@2x.png */ = {isa = PBXFileReference; lastKnownFileType = image.png; path = "ui_selected@2x.png"; sourceTree = "<group>"; };
/* End PBXFileReference section */

/* Begin PBXFrameworksBuildPhase section */
		185CC9391CA9108800950E8B /* Frameworks */ = {
			isa = PBXFrameworksBuildPhase;
			buildActionMask = 2147483647;
			files = (
				18D958FF1CAA5F85005CFAC3 /* Foundation.framework in Frameworks */,
				18D958FD1CAA5F7F005CFAC3 /* UIKit.framework in Frameworks */,
			);
			runOnlyForDeploymentPostprocessing = 0;
		};
		185CC94D1CA9108800950E8B /* Frameworks */ = {
			isa = PBXFrameworksBuildPhase;
			buildActionMask = 2147483647;
			files = (
			);
			runOnlyForDeploymentPostprocessing = 0;
		};
		185CC9581CA9108800950E8B /* Frameworks */ = {
			isa = PBXFrameworksBuildPhase;
			buildActionMask = 2147483647;
			files = (
			);
			runOnlyForDeploymentPostprocessing = 0;
		};
/* End PBXFrameworksBuildPhase section */

/* Begin PBXGroup section */
		185CC9331CA9108800950E8B = {
			isa = PBXGroup;
			children = (
				18B31C841CAD173600F1D927 /* UseObject.h */,
				18B31C851CAD173600F1D927 /* UseObject.m */,
				18D958FE1CAA5F85005CFAC3 /* Foundation.framework */,
				18D958FC1CAA5F7F005CFAC3 /* UIKit.framework */,
				185CC93E1CA9108800950E8B /* Swift_iOS */,
				185CC9531CA9108800950E8B /* Swift_iOSTests */,
				185CC95E1CA9108800950E8B /* Swift_iOSUITests */,
				185CC93D1CA9108800950E8B /* Products */,
				18B31C831CAD173500F1D927 /* Swift_iOS-Bridging-Header.h */,
			);
			sourceTree = "<group>";
		};
		185CC93D1CA9108800950E8B /* Products */ = {
			isa = PBXGroup;
			children = (
				185CC93C1CA9108800950E8B /* Swift_iOS.app */,
				185CC9501CA9108800950E8B /* Swift_iOSTests.xctest */,
				185CC95B1CA9108800950E8B /* Swift_iOSUITests.xctest */,
			);
			name = Products;
			sourceTree = "<group>";
		};
		185CC93E1CA9108800950E8B /* Swift_iOS */ = {
			isa = PBXGroup;
			children = (
				D108B2631E69634D00A806E7 /* Resource */,
				D108B25C1E69632400A806E7 /* KnowledgeExample */,
				D108B23E1E6962EE00A806E7 /* UIExample */,
				18B31C481CACB07A00F1D927 /* TableView */,
				185CC93F1CA9108800950E8B /* AppDelegate.swift */,
				185CC9431CA9108800950E8B /* Main.storyboard */,
				185CC9461CA9108800950E8B /* Assets.xcassets */,
				185CC9481CA9108800950E8B /* LaunchScreen.storyboard */,
				185CC94B1CA9108800950E8B /* Info.plist */,
			);
			path = Swift_iOS;
			sourceTree = "<group>";
		};
		185CC9531CA9108800950E8B /* Swift_iOSTests */ = {
			isa = PBXGroup;
			children = (
				185CC9541CA9108800950E8B /* Swift_iOSTests.swift */,
				185CC9561CA9108800950E8B /* Info.plist */,
			);
			path = Swift_iOSTests;
			sourceTree = "<group>";
		};
		185CC95E1CA9108800950E8B /* Swift_iOSUITests */ = {
			isa = PBXGroup;
			children = (
				185CC95F1CA9108800950E8B /* Swift_iOSUITests.swift */,
				185CC9611CA9108800950E8B /* Info.plist */,
			);
			path = Swift_iOSUITests;
			sourceTree = "<group>";
		};
		18B31C481CACB07A00F1D927 /* TableView */ = {
			isa = PBXGroup;
			children = (
				18B31C491CACB07A00F1D927 /* Controller */,
				18B31C4B1CACB07A00F1D927 /* Model */,
				18B31C4C1CACB07A00F1D927 /* View */,
			);
			path = TableView;
			sourceTree = "<group>";
		};
		18B31C491CACB07A00F1D927 /* Controller */ = {
			isa = PBXGroup;
			children = (
				18B31C541CACB10E00F1D927 /* CustomTableViewController.swift */,
			);
			path = Controller;
			sourceTree = "<group>";
		};
		18B31C4B1CACB07A00F1D927 /* Model */ = {
			isa = PBXGroup;
			children = (
				18B31C4E1CACB09C00F1D927 /* MessageItem.swift */,
			);
			path = Model;
			sourceTree = "<group>";
		};
		18B31C4C1CACB07A00F1D927 /* View */ = {
			isa = PBXGroup;
			children = (
				18B31C5C1CACC3A900F1D927 /* CustomTableViewCell.swift */,
			);
			path = View;
			sourceTree = "<group>";
		};
		D108B23E1E6962EE00A806E7 /* UIExample */ = {
			isa = PBXGroup;
			children = (
				D108B23F1E6962EE00A806E7 /* ViewController */,
			);
			path = UIExample;
			sourceTree = "<group>";
		};
		D108B23F1E6962EE00A806E7 /* ViewController */ = {
			isa = PBXGroup;
			children = (
				D108B2401E6962EE00A806E7 /* AlertVCViewController.swift */,
				D108B2411E6962EE00A806E7 /* CollectionViewViewController.swift */,
				D108B2421E6962EE00A806E7 /* DatePickerViewController.swift */,
				D108B2431E6962EE00A806E7 /* EditTableViewViewController.swift */,
				D108B2441E6962EE00A806E7 /* GestureRecognizerViewController.swift */,
				D108B2451E6962EE00A806E7 /* HomeViewController.swift */,
				D108B2461E6962EE00A806E7 /* MyScrollViewController.swift */,
				D108B2471E6962EE00A806E7 /* PickerViewViewController.swift */,
				D108B2481E6962EE00A806E7 /* ScrollViewViewController.swift */,
				D108B2491E6962EE00A806E7 /* SearchBarViewController.swift */,
				D108B24A1E6962EE00A806E7 /* StepperViewController.swift */,
				D108B24B1E6962EE00A806E7 /* TableViewViewController.swift */,
				D108B24C1E6962EE00A806E7 /* ViewController.swift */,
				D108B24D1E6962EE00A806E7 /* WebViewViewController.swift */,
			);
			path = ViewController;
			sourceTree = "<group>";
		};
		D108B25C1E69632400A806E7 /* KnowledgeExample */ = {
			isa = PBXGroup;
			children = (
				D108B25D1E69632400A806E7 /* Animal.swift */,
				D108B25E1E69632400A806E7 /* Person.swift */,
				D108B25F1E69632400A806E7 /* SceondViewController.swift */,
			);
			path = KnowledgeExample;
			sourceTree = "<group>";
		};
		D108B2631E69634D00A806E7 /* Resource */ = {
			isa = PBXGroup;
			children = (
				D108B2641E69634D00A806E7 /* HomeImages */,
			);
			path = Resource;
			sourceTree = "<group>";
		};
		D108B2641E69634D00A806E7 /* HomeImages */ = {
			isa = PBXGroup;
			children = (
				D108B2651E69634D00A806E7 /* 1.jpg */,
				D108B2661E69634D00A806E7 /* 2.jpg */,
				D108B2671E69634D00A806E7 /* 3.jpg */,
				D108B2681E69634D00A806E7 /* 4.jpg */,
				D108B2691E69634D00A806E7 /* base_normal@2x.png */,
				D108B26A1E69634D00A806E7 /* base_selected@2x.png */,
				D108B26B1E69634D00A806E7 /* ui_normal@2x.png */,
				D108B26C1E69634D00A806E7 /* ui_selected@2x.png */,
			);
			path = HomeImages;
			sourceTree = "<group>";
		};
/* End PBXGroup section */

/* Begin PBXNativeTarget section */
		185CC93B1CA9108800950E8B /* Swift_iOS */ = {
			isa = PBXNativeTarget;
			buildConfigurationList = 185CC9641CA9108800950E8B /* Build configuration list for PBXNativeTarget "Swift_iOS" */;
			buildPhases = (
				185CC9381CA9108800950E8B /* Sources */,
				185CC9391CA9108800950E8B /* Frameworks */,
				185CC93A1CA9108800950E8B /* Resources */,
			);
			buildRules = (
			);
			dependencies = (
			);
			name = Swift_iOS;
			productName = Swift_iOS;
			productReference = 185CC93C1CA9108800950E8B /* Swift_iOS.app */;
			productType = "com.apple.product-type.application";
		};
		185CC94F1CA9108800950E8B /* Swift_iOSTests */ = {
			isa = PBXNativeTarget;
			buildConfigurationList = 185CC9671CA9108800950E8B /* Build configuration list for PBXNativeTarget "Swift_iOSTests" */;
			buildPhases = (
				185CC94C1CA9108800950E8B /* Sources */,
				185CC94D1CA9108800950E8B /* Frameworks */,
				185CC94E1CA9108800950E8B /* Resources */,
			);
			buildRules = (
			);
			dependencies = (
				185CC9521CA9108800950E8B /* PBXTargetDependency */,
			);
			name = Swift_iOSTests;
			productName = Swift_iOSTests;
			productReference = 185CC9501CA9108800950E8B /* Swift_iOSTests.xctest */;
			productType = "com.apple.product-type.bundle.unit-test";
		};
		185CC95A1CA9108800950E8B /* Swift_iOSUITests */ = {
			isa = PBXNativeTarget;
			buildConfigurationList = 185CC96A1CA9108800950E8B /* Build configuration list for PBXNativeTarget "Swift_iOSUITests" */;
			buildPhases = (
				185CC9571CA9108800950E8B /* Sources */,
				185CC9581CA9108800950E8B /* Frameworks */,
				185CC9591CA9108800950E8B /* Resources */,
			);
			buildRules = (
			);
			dependencies = (
				185CC95D1CA9108800950E8B /* PBXTargetDependency */,
			);
			name = Swift_iOSUITests;
			productName = Swift_iOSUITests;
			productReference = 185CC95B1CA9108800950E8B /* Swift_iOSUITests.xctest */;
			productType = "com.apple.product-type.bundle.ui-testing";
		};
/* End PBXNativeTarget section */

/* Begin PBXProject section */
		185CC9341CA9108800950E8B /* Project object */ = {
			isa = PBXProject;
			attributes = {
				LastSwiftUpdateCheck = 0730;
				LastUpgradeCheck = 0730;
				ORGANIZATIONNAME = apple;
				TargetAttributes = {
					185CC93B1CA9108800950E8B = {
						CreatedOnToolsVersion = 7.3;
						LastSwiftMigration = 0810;
					};
					185CC94F1CA9108800950E8B = {
						CreatedOnToolsVersion = 7.3;
						LastSwiftMigration = 0810;
						TestTargetID = 185CC93B1CA9108800950E8B;
					};
					185CC95A1CA9108800950E8B = {
						CreatedOnToolsVersion = 7.3;
						LastSwiftMigration = 0810;
						TestTargetID = 185CC93B1CA9108800950E8B;
					};
				};
			};
			buildConfigurationList = 185CC9371CA9108800950E8B /* Build configuration list for PBXProject "Swift_iOS" */;
			compatibilityVersion = "Xcode 3.2";
			developmentRegion = English;
			hasScannedForEncodings = 0;
			knownRegions = (
				en,
				Base,
			);
			mainGroup = 185CC9331CA9108800950E8B;
			productRefGroup = 185CC93D1CA9108800950E8B /* Products */;
			projectDirPath = "";
			projectRoot = "";
			targets = (
				185CC93B1CA9108800950E8B /* Swift_iOS */,
				185CC94F1CA9108800950E8B /* Swift_iOSTests */,
				185CC95A1CA9108800950E8B /* Swift_iOSUITests */,
			);
		};
/* End PBXProject section */

/* Begin PBXResourcesBuildPhase section */
		185CC93A1CA9108800950E8B /* Resources */ = {
			isa = PBXResourcesBuildPhase;
			buildActionMask = 2147483647;
			files = (
				185CC94A1CA9108800950E8B /* LaunchScreen.storyboard in Resources */,
				D108B2741E69634D00A806E7 /* ui_selected@2x.png in Resources */,
				D108B2701E69634D00A806E7 /* 4.jpg in Resources */,
				D108B2711E69634D00A806E7 /* base_normal@2x.png in Resources */,
				D108B26D1E69634D00A806E7 /* 1.jpg in Resources */,
				D108B26E1E69634D00A806E7 /* 2.jpg in Resources */,
				D108B26F1E69634D00A806E7 /* 3.jpg in Resources */,
				D108B2721E69634D00A806E7 /* base_selected@2x.png in Resources */,
				185CC9471CA9108800950E8B /* Assets.xcassets in Resources */,
				185CC9451CA9108800950E8B /* Main.storyboard in Resources */,
				D108B2731E69634D00A806E7 /* ui_normal@2x.png in Resources */,
			);
			runOnlyForDeploymentPostprocessing = 0;
		};
		185CC94E1CA9108800950E8B /* Resources */ = {
			isa = PBXResourcesBuildPhase;
			buildActionMask = 2147483647;
			files = (
			);
			runOnlyForDeploymentPostprocessing = 0;
		};
		185CC9591CA9108800950E8B /* Resources */ = {
			isa = PBXResourcesBuildPhase;
			buildActionMask = 2147483647;
			files = (
			);
			runOnlyForDeploymentPostprocessing = 0;
		};
/* End PBXResourcesBuildPhase section */

/* Begin PBXSourcesBuildPhase section */
		185CC9381CA9108800950E8B /* Sources */ = {
			isa = PBXSourcesBuildPhase;
			buildActionMask = 2147483647;
			files = (
				18B31C4F1CACB09C00F1D927 /* MessageItem.swift in Sources */,
				D108B2551E6962EE00A806E7 /* PickerViewViewController.swift in Sources */,
				18B31C5D1CACC3A900F1D927 /* CustomTableViewCell.swift in Sources */,
				D108B24E1E6962EE00A806E7 /* AlertVCViewController.swift in Sources */,
				D108B25B1E6962EE00A806E7 /* WebViewViewController.swift in Sources */,
				D108B2521E6962EE00A806E7 /* GestureRecognizerViewController.swift in Sources */,
				D108B2531E6962EE00A806E7 /* HomeViewController.swift in Sources */,
				D108B2511E6962EE00A806E7 /* EditTableViewViewController.swift in Sources */,
				D108B2501E6962EE00A806E7 /* DatePickerViewController.swift in Sources */,
				D108B2601E69632400A806E7 /* Animal.swift in Sources */,
				D108B2621E69632400A806E7 /* SceondViewController.swift in Sources */,
				D108B2541E6962EE00A806E7 /* MyScrollViewController.swift in Sources */,
				185CC9401CA9108800950E8B /* AppDelegate.swift in Sources */,
				D108B2581E6962EE00A806E7 /* StepperViewController.swift in Sources */,
				D108B2591E6962EE00A806E7 /* TableViewViewController.swift in Sources */,
				D108B24F1E6962EE00A806E7 /* CollectionViewViewController.swift in Sources */,
				D108B2571E6962EE00A806E7 /* SearchBarViewController.swift in Sources */,
				D108B2561E6962EE00A806E7 /* ScrollViewViewController.swift in Sources */,
				D108B25A1E6962EE00A806E7 /* ViewController.swift in Sources */,
				D108B2611E69632400A806E7 /* Person.swift in Sources */,
				18B31C551CACB10E00F1D927 /* CustomTableViewController.swift in Sources */,
				18B31C861CAD173600F1D927 /* UseObject.m in Sources */,
			);
			runOnlyForDeploymentPostprocessing = 0;
		};
		185CC94C1CA9108800950E8B /* Sources */ = {
			isa = PBXSourcesBuildPhase;
			buildActionMask = 2147483647;
			files = (
				185CC9551CA9108800950E8B /* Swift_iOSTests.swift in Sources */,
			);
			runOnlyForDeploymentPostprocessing = 0;
		};
		185CC9571CA9108800950E8B /* Sources */ = {
			isa = PBXSourcesBuildPhase;
			buildActionMask = 2147483647;
			files = (
				185CC9601CA9108800950E8B /* Swift_iOSUITests.swift in Sources */,
			);
			runOnlyForDeploymentPostprocessing = 0;
		};
/* End PBXSourcesBuildPhase section */

/* Begin PBXTargetDependency section */
		185CC9521CA9108800950E8B /* PBXTargetDependency */ = {
			isa = PBXTargetDependency;
			target = 185CC93B1CA9108800950E8B /* Swift_iOS */;
			targetProxy = 185CC9511CA9108800950E8B /* PBXContainerItemProxy */;
		};
		185CC95D1CA9108800950E8B /* PBXTargetDependency */ = {
			isa = PBXTargetDependency;
			target = 185CC93B1CA9108800950E8B /* Swift_iOS */;
			targetProxy = 185CC95C1CA9108800950E8B /* PBXContainerItemProxy */;
		};
/* End PBXTargetDependency section */

/* Begin PBXVariantGroup section */
		185CC9431CA9108800950E8B /* Main.storyboard */ = {
			isa = PBXVariantGroup;
			children = (
				185CC9441CA9108800950E8B /* Base */,
			);
			name = Main.storyboard;
			sourceTree = "<group>";
		};
		185CC9481CA9108800950E8B /* LaunchScreen.storyboard */ = {
			isa = PBXVariantGroup;
			children = (
				185CC9491CA9108800950E8B /* Base */,
			);
			name = LaunchScreen.storyboard;
			sourceTree = "<group>";
		};
/* End PBXVariantGroup section */

/* Begin XCBuildConfiguration section */
		185CC9621CA9108800950E8B /* Debug */ = {
			isa = XCBuildConfiguration;
			buildSettings = {
				ALWAYS_SEARCH_USER_PATHS = NO;
				CLANG_ANALYZER_NONNULL = YES;
				CLANG_CXX_LANGUAGE_STANDARD = "gnu++0x";
				CLANG_CXX_LIBRARY = "libc++";
				CLANG_ENABLE_MODULES = YES;
				CLANG_ENABLE_OBJC_ARC = YES;
				CLANG_WARN_BOOL_CONVERSION = YES;
				CLANG_WARN_CONSTANT_CONVERSION = YES;
				CLANG_WARN_DIRECT_OBJC_ISA_USAGE = YES_ERROR;
				CLANG_WARN_EMPTY_BODY = YES;
				CLANG_WARN_ENUM_CONVERSION = YES;
				CLANG_WARN_INT_CONVERSION = YES;
				CLANG_WARN_OBJC_ROOT_CLASS = YES_ERROR;
				CLANG_WARN_UNREACHABLE_CODE = YES;
				CLANG_WARN__DUPLICATE_METHOD_MATCH = YES;
				"CODE_SIGN_IDENTITY[sdk=iphoneos*]" = "iPhone Developer";
				COPY_PHASE_STRIP = NO;
				DEBUG_INFORMATION_FORMAT = dwarf;
				ENABLE_STRICT_OBJC_MSGSEND = YES;
				ENABLE_TESTABILITY = YES;
				GCC_C_LANGUAGE_STANDARD = gnu99;
				GCC_DYNAMIC_NO_PIC = NO;
				GCC_NO_COMMON_BLOCKS = YES;
				GCC_OPTIMIZATION_LEVEL = 0;
				GCC_PREPROCESSOR_DEFINITIONS = (
					"DEBUG=1",
					"$(inherited)",
				);
				GCC_WARN_64_TO_32_BIT_CONVERSION = YES;
				GCC_WARN_ABOUT_RETURN_TYPE = YES_ERROR;
				GCC_WARN_UNDECLARED_SELECTOR = YES;
				GCC_WARN_UNINITIALIZED_AUTOS = YES_AGGRESSIVE;
				GCC_WARN_UNUSED_FUNCTION = YES;
				GCC_WARN_UNUSED_VARIABLE = YES;
				IPHONEOS_DEPLOYMENT_TARGET = 9.3;
				MTL_ENABLE_DEBUG_INFO = YES;
				ONLY_ACTIVE_ARCH = YES;
				SDKROOT = iphoneos;
				SWIFT_OPTIMIZATION_LEVEL = "-Onone";
				TARGETED_DEVICE_FAMILY = "1,2";
			};
			name = Debug;
		};
		185CC9631CA9108800950E8B /* Release */ = {
			isa = XCBuildConfiguration;
			buildSettings = {
				ALWAYS_SEARCH_USER_PATHS = NO;
				CLANG_ANALYZER_NONNULL = YES;
				CLANG_CXX_LANGUAGE_STANDARD = "gnu++0x";
				CLANG_CXX_LIBRARY = "libc++";
				CLANG_ENABLE_MODULES = YES;
				CLANG_ENABLE_OBJC_ARC = YES;
				CLANG_WARN_BOOL_CONVERSION = YES;
				CLANG_WARN_CONSTANT_CONVERSION = YES;
				CLANG_WARN_DIRECT_OBJC_ISA_USAGE = YES_ERROR;
				CLANG_WARN_EMPTY_BODY = YES;
				CLANG_WARN_ENUM_CONVERSION = YES;
				CLANG_WARN_INT_CONVERSION = YES;
				CLANG_WARN_OBJC_ROOT_CLASS = YES_ERROR;
				CLANG_WARN_UNREACHABLE_CODE = YES;
				CLANG_WARN__DUPLICATE_METHOD_MATCH = YES;
				"CODE_SIGN_IDENTITY[sdk=iphoneos*]" = "iPhone Developer";
				COPY_PHASE_STRIP = NO;
				DEBUG_INFORMATION_FORMAT = "dwarf-with-dsym";
				ENABLE_NS_ASSERTIONS = NO;
				ENABLE_STRICT_OBJC_MSGSEND = YES;
				GCC_C_LANGUAGE_STANDARD = gnu99;
				GCC_NO_COMMON_BLOCKS = YES;
				GCC_WARN_64_TO_32_BIT_CONVERSION = YES;
				GCC_WARN_ABOUT_RETURN_TYPE = YES_ERROR;
				GCC_WARN_UNDECLARED_SELECTOR = YES;
				GCC_WARN_UNINITIALIZED_AUTOS = YES_AGGRESSIVE;
				GCC_WARN_UNUSED_FUNCTION = YES;
				GCC_WARN_UNUSED_VARIABLE = YES;
				IPHONEOS_DEPLOYMENT_TARGET = 9.3;
				MTL_ENABLE_DEBUG_INFO = NO;
				SDKROOT = iphoneos;
				TARGETED_DEVICE_FAMILY = "1,2";
				VALIDATE_PRODUCT = YES;
			};
			name = Release;
		};
		185CC9651CA9108800950E8B /* Debug */ = {
			isa = XCBuildConfiguration;
			buildSettings = {
				ASSETCATALOG_COMPILER_APPICON_NAME = AppIcon;
				CLANG_ENABLE_MODULES = YES;
				INFOPLIST_FILE = Swift_iOS/Info.plist;
				LD_RUNPATH_SEARCH_PATHS = "$(inherited) @executable_path/Frameworks";
				PRODUCT_BUNDLE_IDENTIFIER = "com.tiantian.Swift-iOS";
				PRODUCT_NAME = "$(TARGET_NAME)";
				SWIFT_OBJC_BRIDGING_HEADER = "Swift_iOS-Bridging-Header.h";
				SWIFT_OPTIMIZATION_LEVEL = "-Onone";
				SWIFT_VERSION = 3.0;
			};
			name = Debug;
		};
		185CC9661CA9108800950E8B /* Release */ = {
			isa = XCBuildConfiguration;
			buildSettings = {
				ASSETCATALOG_COMPILER_APPICON_NAME = AppIcon;
				CLANG_ENABLE_MODULES = YES;
				INFOPLIST_FILE = Swift_iOS/Info.plist;
				LD_RUNPATH_SEARCH_PATHS = "$(inherited) @executable_path/Frameworks";
				PRODUCT_BUNDLE_IDENTIFIER = "com.tiantian.Swift-iOS";
				PRODUCT_NAME = "$(TARGET_NAME)";
				SWIFT_OBJC_BRIDGING_HEADER = "Swift_iOS-Bridging-Header.h";
				SWIFT_VERSION = 3.0;
			};
			name = Release;
		};
		185CC9681CA9108800950E8B /* Debug */ = {
			isa = XCBuildConfiguration;
			buildSettings = {
				BUNDLE_LOADER = "$(TEST_HOST)";
				INFOPLIST_FILE = Swift_iOSTests/Info.plist;
				LD_RUNPATH_SEARCH_PATHS = "$(inherited) @executable_path/Frameworks @loader_path/Frameworks";
				PRODUCT_BUNDLE_IDENTIFIER = "com.tiantian.Swift-iOSTests";
				PRODUCT_NAME = "$(TARGET_NAME)";
				SWIFT_VERSION = 3.0;
				TEST_HOST = "$(BUILT_PRODUCTS_DIR)/Swift_iOS.app/Swift_iOS";
			};
			name = Debug;
		};
		185CC9691CA9108800950E8B /* Release */ = {
			isa = XCBuildConfiguration;
			buildSettings = {
				BUNDLE_LOADER = "$(TEST_HOST)";
				INFOPLIST_FILE = Swift_iOSTests/Info.plist;
				LD_RUNPATH_SEARCH_PATHS = "$(inherited) @executable_path/Frameworks @loader_path/Frameworks";
				PRODUCT_BUNDLE_IDENTIFIER = "com.tiantian.Swift-iOSTests";
				PRODUCT_NAME = "$(TARGET_NAME)";
				SWIFT_VERSION = 3.0;
				TEST_HOST = "$(BUILT_PRODUCTS_DIR)/Swift_iOS.app/Swift_iOS";
			};
			name = Release;
		};
		185CC96B1CA9108800950E8B /* Debug */ = {
			isa = XCBuildConfiguration;
			buildSettings = {
				INFOPLIST_FILE = Swift_iOSUITests/Info.plist;
				LD_RUNPATH_SEARCH_PATHS = "$(inherited) @executable_path/Frameworks @loader_path/Frameworks";
				PRODUCT_BUNDLE_IDENTIFIER = "com.tiantian.Swift-iOSUITests";
				PRODUCT_NAME = "$(TARGET_NAME)";
				SWIFT_VERSION = 3.0;
				TEST_TARGET_NAME = Swift_iOS;
			};
			name = Debug;
		};
		185CC96C1CA9108800950E8B /* Release */ = {
			isa = XCBuildConfiguration;
			buildSettings = {
				INFOPLIST_FILE = Swift_iOSUITests/Info.plist;
				LD_RUNPATH_SEARCH_PATHS = "$(inherited) @executable_path/Frameworks @loader_path/Frameworks";
				PRODUCT_BUNDLE_IDENTIFIER = "com.tiantian.Swift-iOSUITests";
				PRODUCT_NAME = "$(TARGET_NAME)";
				SWIFT_VERSION = 3.0;
				TEST_TARGET_NAME = Swift_iOS;
			};
			name = Release;
		};
/* End XCBuildConfiguration section */

/* Begin XCConfigurationList section */
		185CC9371CA9108800950E8B /* Build configuration list for PBXProject "Swift_iOS" */ = {
			isa = XCConfigurationList;
			buildConfigurations = (
				185CC9621CA9108800950E8B /* Debug */,
				185CC9631CA9108800950E8B /* Release */,
			);
			defaultConfigurationIsVisible = 0;
			defaultConfigurationName = Release;
		};
		185CC9641CA9108800950E8B /* Build configuration list for PBXNativeTarget "Swift_iOS" */ = {
			isa = XCConfigurationList;
			buildConfigurations = (
				185CC9651CA9108800950E8B /* Debug */,
				185CC9661CA9108800950E8B /* Release */,
			);
			defaultConfigurationIsVisible = 0;
			defaultConfigurationName = Release;
		};
		185CC9671CA9108800950E8B /* Build configuration list for PBXNativeTarget "Swift_iOSTests" */ = {
			isa = XCConfigurationList;
			buildConfigurations = (
				185CC9681CA9108800950E8B /* Debug */,
				185CC9691CA9108800950E8B /* Release */,
			);
			defaultConfigurationIsVisible = 0;
			defaultConfigurationName = Release;
		};
		185CC96A1CA9108800950E8B /* Build configuration list for PBXNativeTarget "Swift_iOSUITests" */ = {
			isa = XCConfigurationList;
			buildConfigurations = (
				185CC96B1CA9108800950E8B /* Debug */,
				185CC96C1CA9108800950E8B /* Release */,
			);
			defaultConfigurationIsVisible = 0;
			defaultConfigurationName = Release;
		};
/* End XCConfigurationList section */
	};
	rootObject = 185CC9341CA9108800950E8B /* Project object */;
}
